
Microsoft Visual Studio Solution File, Format Version 12.00
# Visual Studio Version 16
VisualStudioVersion = 25.0.1704.0
MinimumVisualStudioVersion = 10.0.40219.1
Project("{FAE04EC0-301F-11D3-BF4B-00C04F79EFBC}") = "Lantern", "Lantern\Lantern.csproj", "{A342C9AB-605A-48B5-B505-3FDC5DE54942}"
EndProject
Project("{FAE04EC0-301F-11D3-BF4B-00C04F79EFBC}") = "Lantern.Tests", "Lantern.Tests\Lantern.Tests.csproj", "{47631555-6498-422F-98CF-11CE7E94A0B1}"
EndProject
Global
	GlobalSection(SolutionConfigurationPlatforms) = preSolution
		Debug|Any CPU = Debug|Any CPU
		Release|Any CPU = Release|Any CPU
	EndGlobalSection
	GlobalSection(ProjectConfigurationPlatforms) = postSolution
		{A342C9AB-605A-48B5-B505-3FDC5DE54942}.Debug|Any CPU.ActiveCfg = Debug|Any CPU
		{A342C9AB-605A-48B5-B505-3FDC5DE54942}.Debug|Any CPU.Build.0 = Debug|Any CPU
		{A342C9AB-605A-48B5-B505-3FDC5DE54942}.Release|Any CPU.ActiveCfg = Release|Any CPU
		{A342C9AB-605A-48B5-B505-3FDC5DE54942}.Release|Any CPU.Build.0 = Release|Any CPU
		{47631555-6498-422F-98CF-11CE7E94A0B1}.Debug|Any CPU.ActiveCfg = Debug|Any CPU
		{47631555-6498-422F-98CF-11CE7E94A0B1}.Debug|Any CPU.Build.0 = Debug|Any CPU
		{47631555-6498-422F-98CF-11CE7E94A0B1}.Release|Any CPU.ActiveCfg = Release|Any CPU
		{47631555-6498-422F-98CF-11CE7E94A0B1}.Release|Any CPU.Build.0 = Release|Any CPU
	EndGlobalSection
	GlobalSection(SolutionProperties) = preSolution
		HideSolutionNode = FALSE
	EndGlobalSection
	GlobalSection(ExtensibilityGlobals) = postSolution
		SolutionGuid = {CE9C43BC-50C3-4820-AA0F-DD569A473B9E}
	EndGlobalSection
	GlobalSection(MonoDevelopProperties) = preSolution
		Policies = $0
		$0.DotNetNamingPolicy = $1
		$1.DirectoryNamespaceAssociation = PrefixedHierarchical
		$0.TextStylePolicy = $2
		$2.inheritsSet = null
		$2.scope = text/x-csharp
		$0.CSharpFormattingPolicy = $3
		$3.scope = text/x-csharp
		$0.TextStylePolicy = $4
		$4.FileWidth = 80
		$4.TabsToSpaces = True
		$4.scope = text/plain
		$0.StandardHeader = $5
	EndGlobalSection
EndGlobal
